
Microsoft Visual Studio Solution File, Format Version 12.00
# Visual Studio Version 16
VisualStudioVersion = 16.0.30225.117
MinimumVisualStudioVersion = 10.0.40219.1
Project("{9A19103F-16F7-4668-BE54-9A1E7A4F7556}") = "backend", "backend\backend.csproj", "{6A0C8FDF-689C-491D-8E58-0D34B9D0662B}"
EndProject
Global
	GlobalSection(SolutionConfigurationPlatforms) = preSolution
		Debug|Any CPU = Debug|Any CPU
		Release|Any CPU = Release|Any CPU
	EndGlobalSection
	GlobalSection(ProjectConfigurationPlatforms) = postSolution
		{6A0C8FDF-689C-491D-8E58-0D34B9D0662B}.Debug|Any CPU.ActiveCfg = Debug|Any CPU
		{6A0C8FDF-689C-491D-8E58-0D34B9D0662B}.Debug|Any CPU.Build.0 = Debug|Any CPU
		{6A0C8FDF-689C-491D-8E58-0D34B9D0662B}.Release|Any CPU.ActiveCfg = Release|Any CPU
		{6A0C8FDF-689C-491D-8E58-0D34B9D0662B}.Release|Any CPU.Build.0 = Release|Any CPU
	EndGlobalSection
	GlobalSection(SolutionProperties) = preSolution
		HideSolutionNode = FALSE
	EndGlobalSection
	GlobalSection(ExtensibilityGlobals) = postSolution
		SolutionGuid = {C1682E39-B7E9-40B0-9AB3-F24BCD7FE429}
	EndGlobalSection
EndGlobal
